<?xml version="1.0"?>
<CONFIG>
  <ProjectOptions>
    <PathDelim Value="\"/>
    <Version Value="7"/>
    <General>
      <Flags>
        <MainUnitHasCreateFormStatements Value="False"/>
        <MainUnitHasTitleStatement Value="False"/>
      </Flags>
      <MainUnit Value="0"/>
      <TargetFileExt Value=".exe"/>
      <ActiveEditorIndexAtStart Value="0"/>
    </General>
    <VersionInfo>
      <ProjectVersion Value=""/>
    </VersionInfo>
    <PublishOptions>
      <Version Value="2"/>
      <IgnoreBinaries Value="False"/>
      <IncludeFileFilter Value="*.(pas|pp|inc|lfm|lpr|lrs|lpi|lpk|sh|xml)"/>
      <ExcludeFileFilter Value="*.(bak|ppu|ppw|o|so);*~;backup"/>
    </PublishOptions>
    <RunParams>
      <local>
        <FormatVersion Value="1"/>
        <LaunchingApplication PathPlusParams="/usr/X11R6/bin/xterm -T 'Lazarus Run Output' -e $(LazarusDir)/tools/runwait.sh $(TargetCmdLine)"/>
      </local>
    </RunParams>
    <Units Count="1">
      <Unit0>
        <Filename Value="AgeKey.dpr"/>
        <IsPartOfProject Value="True"/>
        <CursorPos X="39" Y="771"/>
        <TopLine Value="760"/>
        <EditorIndex Value="0"/>
        <UsageCount Value="23"/>
        <Loaded Value="True"/>
      </Unit0>
    </Units>
    <JumpHistory Count="29" HistoryIndex="28">
      <Position1>
        <Filename Value="AgeKey.dpr"/>
        <Caret Line="829" Column="9" TopLine="829"/>
      </Position1>
      <Position2>
        <Filename Value="AgeKey.dpr"/>
        <Caret Line="1" Column="1" TopLine="1"/>
      </Position2>
      <Position3>
        <Filename Value="AgeKey.dpr"/>
        <Caret Line="43" Column="1" TopLine="18"/>
      </Position3>
      <Position4>
        <Filename Value="AgeKey.dpr"/>
        <Caret Line="363" Column="26" TopLine="352"/>
      </Position4>
      <Position5>
        <Filename Value="AgeKey.dpr"/>
        <Caret Line="1" Column="1" TopLine="1"/>
      </Position5>
      <Position6>
        <Filename Value="AgeKey.dpr"/>
        <Caret Line="24" Column="17" TopLine="13"/>
      </Position6>
      <Position7>
        <Filename Value="AgeKey.dpr"/>
        <Caret Line="26" Column="11" TopLine="13"/>
      </Position7>
      <Position8>
        <Filename Value="AgeKey.dpr"/>
        <Caret Line="27" Column="11" TopLine="13"/>
      </Position8>
      <Position9>
        <Filename Value="AgeKey.dpr"/>
        <Caret Line="28" Column="11" TopLine="13"/>
      </Position9>
      <Position10>
        <Filename Value="AgeKey.dpr"/>
        <Caret Line="29" Column="11" TopLine="13"/>
      </Position10>
      <Position11>
        <Filename Value="AgeKey.dpr"/>
        <Caret Line="30" Column="11" TopLine="13"/>
      </Position11>
      <Position12>
        <Filename Value="AgeKey.dpr"/>
        <Caret Line="31" Column="11" TopLine="13"/>
      </Position12>
      <Position13>
        <Filename Value="AgeKey.dpr"/>
        <Caret Line="32" Column="11" TopLine="13"/>
      </Position13>
      <Position14>
        <Filename Value="AgeKey.dpr"/>
        <Caret Line="126" Column="23" TopLine="115"/>
      </Position14>
      <Position15>
        <Filename Value="AgeKey.dpr"/>
        <Caret Line="441" Column="13" TopLine="430"/>
      </Position15>
      <Position16>
        <Filename Value="AgeKey.dpr"/>
        <Caret Line="447" Column="13" TopLine="430"/>
      </Position16>
      <Position17>
        <Filename Value="AgeKey.dpr"/>
        <Caret Line="453" Column="13" TopLine="442"/>
      </Position17>
      <Position18>
        <Filename Value="AgeKey.dpr"/>
        <Caret Line="459" Column="13" TopLine="442"/>
      </Position18>
      <Position19>
        <Filename Value="AgeKey.dpr"/>
        <Caret Line="465" Column="13" TopLine="454"/>
      </Position19>
      <Position20>
        <Filename Value="AgeKey.dpr"/>
        <Caret Line="470" Column="13" TopLine="454"/>
      </Position20>
      <Position21>
        <Filename Value="AgeKey.dpr"/>
        <Caret Line="482" Column="16" TopLine="471"/>
      </Position21>
      <Position22>
        <Filename Value="AgeKey.dpr"/>
        <Caret Line="486" Column="13" TopLine="471"/>
      </Position22>
      <Position23>
        <Filename Value="AgeKey.dpr"/>
        <Caret Line="488" Column="27" TopLine="471"/>
      </Position23>
      <Position24>
        <Filename Value="AgeKey.dpr"/>
        <Caret Line="690" Column="35" TopLine="679"/>
      </Position24>
      <Position25>
        <Filename Value="AgeKey.dpr"/>
        <Caret Line="691" Column="27" TopLine="679"/>
      </Position25>
      <Position26>
        <Filename Value="AgeKey.dpr"/>
        <Caret Line="692" Column="27" TopLine="679"/>
      </Position26>
      <Position27>
        <Filename Value="AgeKey.dpr"/>
        <Caret Line="726" Column="19" TopLine="715"/>
      </Position27>
      <Position28>
        <Filename Value="AgeKey.dpr"/>
        <Caret Line="727" Column="30" TopLine="715"/>
      </Position28>
      <Position29>
        <Filename Value="AgeKey.dpr"/>
        <Caret Line="753" Column="21" TopLine="742"/>
      </Position29>
    </JumpHistory>
  </ProjectOptions>
  <CompilerOptions>
    <Version Value="8"/>
    <PathDelim Value="\"/>
    <SearchPaths>
      <IncludeFiles Value="$(ProjOutDir)\"/>
    </SearchPaths>
    <Parsing>
      <Style Value="1"/>
    </Parsing>
    <CodeGeneration>
      <SmartLinkUnit Value="True"/>
      <SmallerCode Value="True"/>
      <Optimizations>
        <OptimizationLevel Value="3"/>
      </Optimizations>
    </CodeGeneration>
    <Linking>
      <Debugging>
        <UseLineInfoUnit Value="False"/>
        <StripSymbols Value="True"/>
      </Debugging>
      <LinkSmart Value="True"/>
      <Options>
        <Win32>
          <GraphicApplication Value="True"/>
        </Win32>
      </Options>
    </Linking>
    <Other>
      <WriteFPCLogo Value="False"/>
      <CompilerPath Value="$(CompPath)"/>
    </Other>
  </CompilerOptions>
  <Debugging>
    <Exceptions Count="3">
      <Item1>
        <Name Value="EAbort"/>
      </Item1>
      <Item2>
        <Name Value="ECodetoolError"/>
      </Item2>
      <Item3>
        <Name Value="EFOpenError"/>
      </Item3>
    </Exceptions>
  </Debugging>
</CONFIG>
