<?xml version="1.0"?>
<CONFIG>
  <ProjectOptions>
    <PathDelim Value="\"/>
    <Version Value="7"/>
    <General>
      <Flags>
        <MainUnitHasCreateFormStatements Value="False"/>
        <MainUnitHasTitleStatement Value="False"/>
      </Flags>
      <MainUnit Value="0"/>
      <TargetFileExt Value=".exe"/>
      <ActiveEditorIndexAtStart Value="0"/>
    </General>
    <VersionInfo>
      <ProjectVersion Value=""/>
    </VersionInfo>
    <PublishOptions>
      <Version Value="2"/>
      <IgnoreBinaries Value="False"/>
      <IncludeFileFilter Value="*.(pas|pp|inc|lfm|lpr|lrs|lpi|lpk|sh|xml)"/>
      <ExcludeFileFilter Value="*.(bak|ppu|ppw|o|so);*~;backup"/>
    </PublishOptions>
    <RunParams>
      <local>
        <FormatVersion Value="1"/>
        <LaunchingApplication PathPlusParams="/usr/X11R6/bin/xterm -T 'Lazarus Run Output' -e $(LazarusDir)/tools/runwait.sh $(TargetCmdLine)"/>
      </local>
    </RunParams>
    <Units Count="1">
      <Unit0>
        <Filename Value="AgeKey.dpr"/>
        <IsPartOfProject Value="True"/>
        <CursorPos X="22" Y="744"/>
        <TopLine Value="729"/>
        <EditorIndex Value="0"/>
        <UsageCount Value="22"/>
        <Loaded Value="True"/>
      </Unit0>
    </Units>
    <JumpHistory Count="30" HistoryIndex="29">
      <Position1>
        <Filename Value="AgeKey.dpr"/>
        <Caret Line="404" Column="36" TopLine="385"/>
      </Position1>
      <Position2>
        <Filename Value="AgeKey.dpr"/>
        <Caret Line="411" Column="36" TopLine="400"/>
      </Position2>
      <Position3>
        <Filename Value="AgeKey.dpr"/>
        <Caret Line="417" Column="37" TopLine="400"/>
      </Position3>
      <Position4>
        <Filename Value="AgeKey.dpr"/>
        <Caret Line="424" Column="37" TopLine="413"/>
      </Position4>
      <Position5>
        <Filename Value="AgeKey.dpr"/>
        <Caret Line="439" Column="30" TopLine="428"/>
      </Position5>
      <Position6>
        <Filename Value="AgeKey.dpr"/>
        <Caret Line="484" Column="26" TopLine="473"/>
      </Position6>
      <Position7>
        <Filename Value="AgeKey.dpr"/>
        <Caret Line="537" Column="32" TopLine="526"/>
      </Position7>
      <Position8>
        <Filename Value="AgeKey.dpr"/>
        <Caret Line="547" Column="11" TopLine="526"/>
      </Position8>
      <Position9>
        <Filename Value="AgeKey.dpr"/>
        <Caret Line="597" Column="30" TopLine="586"/>
      </Position9>
      <Position10>
        <Filename Value="AgeKey.dpr"/>
        <Caret Line="608" Column="11" TopLine="597"/>
      </Position10>
      <Position11>
        <Filename Value="AgeKey.dpr"/>
        <Caret Line="655" Column="28" TopLine="644"/>
      </Position11>
      <Position12>
        <Filename Value="AgeKey.dpr"/>
        <Caret Line="674" Column="27" TopLine="663"/>
      </Position12>
      <Position13>
        <Filename Value="AgeKey.dpr"/>
        <Caret Line="689" Column="27" TopLine="678"/>
      </Position13>
      <Position14>
        <Filename Value="AgeKey.dpr"/>
        <Caret Line="709" Column="28" TopLine="698"/>
      </Position14>
      <Position15>
        <Filename Value="AgeKey.dpr"/>
        <Caret Line="714" Column="30" TopLine="698"/>
      </Position15>
      <Position16>
        <Filename Value="AgeKey.dpr"/>
        <Caret Line="724" Column="26" TopLine="713"/>
      </Position16>
      <Position17>
        <Filename Value="AgeKey.dpr"/>
        <Caret Line="733" Column="8" TopLine="713"/>
      </Position17>
      <Position18>
        <Filename Value="AgeKey.dpr"/>
        <Caret Line="238" Column="52" TopLine="220"/>
      </Position18>
      <Position19>
        <Filename Value="AgeKey.dpr"/>
        <Caret Line="231" Column="25" TopLine="220"/>
      </Position19>
      <Position20>
        <Filename Value="AgeKey.dpr"/>
        <Caret Line="270" Column="25" TopLine="259"/>
      </Position20>
      <Position21>
        <Filename Value="AgeKey.dpr"/>
        <Caret Line="1" Column="1" TopLine="1"/>
      </Position21>
      <Position22>
        <Filename Value="AgeKey.dpr"/>
        <Caret Line="151" Column="74" TopLine="141"/>
      </Position22>
      <Position23>
        <Filename Value="AgeKey.dpr"/>
        <Caret Line="227" Column="46" TopLine="216"/>
      </Position23>
      <Position24>
        <Filename Value="AgeKey.dpr"/>
        <Caret Line="244" Column="29" TopLine="233"/>
      </Position24>
      <Position25>
        <Filename Value="AgeKey.dpr"/>
        <Caret Line="528" Column="55" TopLine="515"/>
      </Position25>
      <Position26>
        <Filename Value="AgeKey.dpr"/>
        <Caret Line="619" Column="1" TopLine="597"/>
      </Position26>
      <Position27>
        <Filename Value="AgeKey.dpr"/>
        <Caret Line="490" Column="9" TopLine="479"/>
      </Position27>
      <Position28>
        <Filename Value="AgeKey.dpr"/>
        <Caret Line="552" Column="23" TopLine="539"/>
      </Position28>
      <Position29>
        <Filename Value="AgeKey.dpr"/>
        <Caret Line="490" Column="26" TopLine="479"/>
      </Position29>
      <Position30>
        <Filename Value="AgeKey.dpr"/>
        <Caret Line="618" Column="23" TopLine="609"/>
      </Position30>
    </JumpHistory>
  </ProjectOptions>
  <CompilerOptions>
    <Version Value="8"/>
    <PathDelim Value="\"/>
    <SearchPaths>
      <IncludeFiles Value="$(ProjOutDir)\"/>
    </SearchPaths>
    <Parsing>
      <Style Value="1"/>
    </Parsing>
    <CodeGeneration>
      <SmartLinkUnit Value="True"/>
      <SmallerCode Value="True"/>
      <Optimizations>
        <OptimizationLevel Value="3"/>
      </Optimizations>
    </CodeGeneration>
    <Linking>
      <Debugging>
        <UseLineInfoUnit Value="False"/>
        <StripSymbols Value="True"/>
      </Debugging>
      <LinkSmart Value="True"/>
      <Options>
        <Win32>
          <GraphicApplication Value="True"/>
        </Win32>
      </Options>
    </Linking>
    <Other>
      <WriteFPCLogo Value="False"/>
      <CompilerPath Value="$(CompPath)"/>
    </Other>
  </CompilerOptions>
  <Debugging>
    <Exceptions Count="3">
      <Item1>
        <Name Value="EAbort"/>
      </Item1>
      <Item2>
        <Name Value="ECodetoolError"/>
      </Item2>
      <Item3>
        <Name Value="EFOpenError"/>
      </Item3>
    </Exceptions>
  </Debugging>
</CONFIG>
